// !$*UTF8*$!
{
	archiveVersion = 1;
	classes = {
	};
	objectVersion = 50;
	objects = {

/* Begin PBXBuildFile section */
		D77F71C2222DEEF4009E7C18 /* AppDelegate.swift in Sources */ = {isa = PBXBuildFile; fileRef = D77F71C1222DEEF4009E7C18 /* AppDelegate.swift */; };
		D77F71C4222DEEF4009E7C18 /* ViewController.swift in Sources */ = {isa = PBXBuildFile; fileRef = D77F71C3222DEEF4009E7C18 /* ViewController.swift */; };
		D77F71C7222DEEF4009E7C18 /* Main.storyboard in Resources */ = {isa = PBXBuildFile; fileRef = D77F71C5222DEEF4009E7C18 /* Main.storyboard */; };
		D77F71C9222DEEF5009E7C18 /* Assets.xcassets in Resources */ = {isa = PBXBuildFile; fileRef = D77F71C8222DEEF5009E7C18 /* Assets.xcassets */; };
		D77F71CC222DEEF5009E7C18 /* LaunchScreen.storyboard in Resources */ = {isa = PBXBuildFile; fileRef = D77F71CA222DEEF5009E7C18 /* LaunchScreen.storyboard */; };
		D77F71D7222DEEF5009E7C18 /* ParstagramTests.swift in Sources */ = {isa = PBXBuildFile; fileRef = D77F71D6222DEEF5009E7C18 /* ParstagramTests.swift */; };
		D77F71E2222DEEF5009E7C18 /* ParstagramUITests.swift in Sources */ = {isa = PBXBuildFile; fileRef = D77F71E1222DEEF5009E7C18 /* ParstagramUITests.swift */; };
/* End PBXBuildFile section */

/* Begin PBXContainerItemProxy section */
		D77F71D3222DEEF5009E7C18 /* PBXContainerItemProxy */ = {
			isa = PBXContainerItemProxy;
			containerPortal = D77F71B6222DEEF4009E7C18 /* Project object */;
			proxyType = 1;
			remoteGlobalIDString = D77F71BD222DEEF4009E7C18;
			remoteInfo = Parstagram;
		};
		D77F71DE222DEEF5009E7C18 /* PBXContainerItemProxy */ = {
			isa = PBXContainerItemProxy;
			containerPortal = D77F71B6222DEEF4009E7C18 /* Project object */;
			proxyType = 1;
			remoteGlobalIDString = D77F71BD222DEEF4009E7C18;
			remoteInfo = Parstagram;
		};
/* End PBXContainerItemProxy section */

/* Begin PBXFileReference section */
		D77F71BE222DEEF4009E7C18 /* Parstagram.app */ = {isa = PBXFileReference; explicitFileType = wrapper.application; includeInIndex = 0; path = Parstagram.app; sourceTree = BUILT_PRODUCTS_DIR; };
		D77F71C1222DEEF4009E7C18 /* AppDelegate.swift */ = {isa = PBXFileReference; lastKnownFileType = sourcecode.swift; path = AppDelegate.swift; sourceTree = "<group>"; };
		D77F71C3222DEEF4009E7C18 /* ViewController.swift */ = {isa = PBXFileReference; lastKnownFileType = sourcecode.swift; path = ViewController.swift; sourceTree = "<group>"; };
		D77F71C6222DEEF4009E7C18 /* Base */ = {isa = PBXFileReference; lastKnownFileType = file.storyboard; name = Base; path = Base.lproj/Main.storyboard; sourceTree = "<group>"; };
		D77F71C8222DEEF5009E7C18 /* Assets.xcassets */ = {isa = PBXFileReference; lastKnownFileType = folder.assetcatalog; path = Assets.xcassets; sourceTree = "<group>"; };
		D77F71CB222DEEF5009E7C18 /* Base */ = {isa = PBXFileReference; lastKnownFileType = file.storyboard; name = Base; path = Base.lproj/LaunchScreen.storyboard; sourceTree = "<group>"; };
		D77F71CD222DEEF5009E7C18 /* Info.plist */ = {isa = PBXFileReference; lastKnownFileType = text.plist.xml; path = Info.plist; sourceTree = "<group>"; };
		D77F71D2222DEEF5009E7C18 /* ParstagramTests.xctest */ = {isa = PBXFileReference; explicitFileType = wrapper.cfbundle; includeInIndex = 0; path = ParstagramTests.xctest; sourceTree = BUILT_PRODUCTS_DIR; };
		D77F71D6222DEEF5009E7C18 /* ParstagramTests.swift */ = {isa = PBXFileReference; lastKnownFileType = sourcecode.swift; path = ParstagramTests.swift; sourceTree = "<group>"; };
		D77F71D8222DEEF5009E7C18 /* Info.plist */ = {isa = PBXFileReference; lastKnownFileType = text.plist.xml; path = Info.plist; sourceTree = "<group>"; };
		D77F71DD222DEEF5009E7C18 /* ParstagramUITests.xctest */ = {isa = PBXFileReference; explicitFileType = wrapper.cfbundle; includeInIndex = 0; path = ParstagramUITests.xctest; sourceTree = BUILT_PRODUCTS_DIR; };
		D77F71E1222DEEF5009E7C18 /* ParstagramUITests.swift */ = {isa = PBXFileReference; lastKnownFileType = sourcecode.swift; path = ParstagramUITests.swift; sourceTree = "<group>"; };
		D77F71E3222DEEF5009E7C18 /* Info.plist */ = {isa = PBXFileReference; lastKnownFileType = text.plist.xml; path = Info.plist; sourceTree = "<group>"; };
/* End PBXFileReference section */

/* Begin PBXFrameworksBuildPhase section */
		D77F71BB222DEEF4009E7C18 /* Frameworks */ = {
			isa = PBXFrameworksBuildPhase;
			buildActionMask = 2147483647;
			files = (
			);
			runOnlyForDeploymentPostprocessing = 0;
		};
		D77F71CF222DEEF5009E7C18 /* Frameworks */ = {
			isa = PBXFrameworksBuildPhase;
			buildActionMask = 2147483647;
			files = (
			);
			runOnlyForDeploymentPostprocessing = 0;
		};
		D77F71DA222DEEF5009E7C18 /* Frameworks */ = {
			isa = PBXFrameworksBuildPhase;
			buildActionMask = 2147483647;
			files = (
			);
			runOnlyForDeploymentPostprocessing = 0;
		};
/* End PBXFrameworksBuildPhase section */

/* Begin PBXGroup section */
		D77F71B5222DEEF4009E7C18 = {
			isa = PBXGroup;
			children = (
				D77F71C0222DEEF4009E7C18 /* Parstagram */,
				D77F71D5222DEEF5009E7C18 /* ParstagramTests */,
				D77F71E0222DEEF5009E7C18 /* ParstagramUITests */,
				D77F71BF222DEEF4009E7C18 /* Products */,
			);
			sourceTree = "<group>";
		};
		D77F71BF222DEEF4009E7C18 /* Products */ = {
			isa = PBXGroup;
			children = (
				D77F71BE222DEEF4009E7C18 /* Parstagram.app */,
				D77F71D2222DEEF5009E7C18 /* ParstagramTests.xctest */,
				D77F71DD222DEEF5009E7C18 /* ParstagramUITests.xctest */,
			);
			name = Products;
			sourceTree = "<group>";
		};
		D77F71C0222DEEF4009E7C18 /* Parstagram */ = {
			isa = PBXGroup;
			children = (
				D77F71C1222DEEF4009E7C18 /* AppDelegate.swift */,
				D77F71C3222DEEF4009E7C18 /* ViewController.swift */,
				D77F71C5222DEEF4009E7C18 /* Main.storyboard */,
				D77F71C8222DEEF5009E7C18 /* Assets.xcassets */,
				D77F71CA222DEEF5009E7C18 /* LaunchScreen.storyboard */,
				D77F71CD222DEEF5009E7C18 /* Info.plist */,
			);
			path = Parstagram;
			sourceTree = "<group>";
		};
		D77F71D5222DEEF5009E7C18 /* ParstagramTests */ = {
			isa = PBXGroup;
			children = (
				D77F71D6222DEEF5009E7C18 /* ParstagramTests.swift */,
				D77F71D8222DEEF5009E7C18 /* Info.plist */,
			);
			path = ParstagramTests;
			sourceTree = "<group>";
		};
		D77F71E0222DEEF5009E7C18 /* ParstagramUITests */ = {
			isa = PBXGroup;
			children = (
				D77F71E1222DEEF5009E7C18 /* ParstagramUITests.swift */,
				D77F71E3222DEEF5009E7C18 /* Info.plist */,
			);
			path = ParstagramUITests;
			sourceTree = "<group>";
		};
/* End PBXGroup section */

/* Begin PBXNativeTarget section */
		D77F71BD222DEEF4009E7C18 /* Parstagram */ = {
			isa = PBXNativeTarget;
			buildConfigurationList = D77F71E6222DEEF5009E7C18 /* Build configuration list for PBXNativeTarget "Parstagram" */;
			buildPhases = (
				D77F71BA222DEEF4009E7C18 /* Sources */,
				D77F71BB222DEEF4009E7C18 /* Frameworks */,
				D77F71BC222DEEF4009E7C18 /* Resources */,
			);
			buildRules = (
			);
			dependencies = (
			);
			name = Parstagram;
			productName = Parstagram;
			productReference = D77F71BE222DEEF4009E7C18 /* Parstagram.app */;
			productType = "com.apple.product-type.application";
		};
		D77F71D1222DEEF5009E7C18 /* ParstagramTests */ = {
			isa = PBXNativeTarget;
			buildConfigurationList = D77F71E9222DEEF5009E7C18 /* Build configuration list for PBXNativeTarget "ParstagramTests" */;
			buildPhases = (
				D77F71CE222DEEF5009E7C18 /* Sources */,
				D77F71CF222DEEF5009E7C18 /* Frameworks */,
				D77F71D0222DEEF5009E7C18 /* Resources */,
			);
			buildRules = (
			);
			dependencies = (
				D77F71D4222DEEF5009E7C18 /* PBXTargetDependency */,
			);
			name = ParstagramTests;
			productName = ParstagramTests;
			productReference = D77F71D2222DEEF5009E7C18 /* ParstagramTests.xctest */;
			productType = "com.apple.product-type.bundle.unit-test";
		};
		D77F71DC222DEEF5009E7C18 /* ParstagramUITests */ = {
			isa = PBXNativeTarget;
			buildConfigurationList = D77F71EC222DEEF5009E7C18 /* Build configuration list for PBXNativeTarget "ParstagramUITests" */;
			buildPhases = (
				D77F71D9222DEEF5009E7C18 /* Sources */,
				D77F71DA222DEEF5009E7C18 /* Frameworks */,
				D77F71DB222DEEF5009E7C18 /* Resources */,
			);
			buildRules = (
			);
			dependencies = (
				D77F71DF222DEEF5009E7C18 /* PBXTargetDependency */,
			);
			name = ParstagramUITests;
			productName = ParstagramUITests;
			productReference = D77F71DD222DEEF5009E7C18 /* ParstagramUITests.xctest */;
			productType = "com.apple.product-type.bundle.ui-testing";
		};
/* End PBXNativeTarget section */

/* Begin PBXProject section */
		D77F71B6222DEEF4009E7C18 /* Project object */ = {
			isa = PBXProject;
			attributes = {
				LastSwiftUpdateCheck = 1010;
				LastUpgradeCheck = 1010;
				ORGANIZATIONNAME = "Shawheen Attar";
				TargetAttributes = {
					D77F71BD222DEEF4009E7C18 = {
						CreatedOnToolsVersion = 10.1;
					};
					D77F71D1222DEEF5009E7C18 = {
						CreatedOnToolsVersion = 10.1;
						TestTargetID = D77F71BD222DEEF4009E7C18;
					};
					D77F71DC222DEEF5009E7C18 = {
						CreatedOnToolsVersion = 10.1;
						TestTargetID = D77F71BD222DEEF4009E7C18;
					};
				};
			};
			buildConfigurationList = D77F71B9222DEEF4009E7C18 /* Build configuration list for PBXProject "Parstagram" */;
			compatibilityVersion = "Xcode 9.3";
			developmentRegion = en;
			hasScannedForEncodings = 0;
			knownRegions = (
				en,
				Base,
			);
			mainGroup = D77F71B5222DEEF4009E7C18;
			productRefGroup = D77F71BF222DEEF4009E7C18 /* Products */;
			projectDirPath = "";
			projectRoot = "";
			targets = (
				D77F71BD222DEEF4009E7C18 /* Parstagram */,
				D77F71D1222DEEF5009E7C18 /* ParstagramTests */,
				D77F71DC222DEEF5009E7C18 /* ParstagramUITests */,
			);
		};
/* End PBXProject section */

/* Begin PBXResourcesBuildPhase section */
		D77F71BC222DEEF4009E7C18 /* Resources */ = {
			isa = PBXResourcesBuildPhase;
			buildActionMask = 2147483647;
			files = (
				D77F71CC222DEEF5009E7C18 /* LaunchScreen.storyboard in Resources */,
				D77F71C9222DEEF5009E7C18 /* Assets.xcassets in Resources */,
				D77F71C7222DEEF4009E7C18 /* Main.storyboard in Resources */,
			);
			runOnlyForDeploymentPostprocessing = 0;
		};
		D77F71D0222DEEF5009E7C18 /* Resources */ = {
			isa = PBXResourcesBuildPhase;
			buildActionMask = 2147483647;
			files = (
			);
			runOnlyForDeploymentPostprocessing = 0;
		};
		D77F71DB222DEEF5009E7C18 /* Resources */ = {
			isa = PBXResourcesBuildPhase;
			buildActionMask = 2147483647;
			files = (
			);
			runOnlyForDeploymentPostprocessing = 0;
		};
/* End PBXResourcesBuildPhase section */

/* Begin PBXSourcesBuildPhase section */
		D77F71BA222DEEF4009E7C18 /* Sources */ = {
			isa = PBXSourcesBuildPhase;
			buildActionMask = 2147483647;
			files = (
				D77F71C4222DEEF4009E7C18 /* ViewController.swift in Sources */,
				D77F71C2222DEEF4009E7C18 /* AppDelegate.swift in Sources */,
			);
			runOnlyForDeploymentPostprocessing = 0;
		};
		D77F71CE222DEEF5009E7C18 /* Sources */ = {
			isa = PBXSourcesBuildPhase;
			buildActionMask = 2147483647;
			files = (
				D77F71D7222DEEF5009E7C18 /* ParstagramTests.swift in Sources */,
			);
			runOnlyForDeploymentPostprocessing = 0;
		};
		D77F71D9222DEEF5009E7C18 /* Sources */ = {
			isa = PBXSourcesBuildPhase;
			buildActionMask = 2147483647;
			files = (
				D77F71E2222DEEF5009E7C18 /* ParstagramUITests.swift in Sources */,
			);
			runOnlyForDeploymentPostprocessing = 0;
		};
/* End PBXSourcesBuildPhase section */

/* Begin PBXTargetDependency section */
		D77F71D4222DEEF5009E7C18 /* PBXTargetDependency */ = {
			isa = PBXTargetDependency;
			target = D77F71BD222DEEF4009E7C18 /* Parstagram */;
			targetProxy = D77F71D3222DEEF5009E7C18 /* PBXContainerItemProxy */;
		};
		D77F71DF222DEEF5009E7C18 /* PBXTargetDependency */ = {
			isa = PBXTargetDependency;
			target = D77F71BD222DEEF4009E7C18 /* Parstagram */;
			targetProxy = D77F71DE222DEEF5009E7C18 /* PBXContainerItemProxy */;
		};
/* End PBXTargetDependency section */

/* Begin PBXVariantGroup section */
		D77F71C5222DEEF4009E7C18 /* Main.storyboard */ = {
			isa = PBXVariantGroup;
			children = (
				D77F71C6222DEEF4009E7C18 /* Base */,
			);
			name = Main.storyboard;
			sourceTree = "<group>";
		};
		D77F71CA222DEEF5009E7C18 /* LaunchScreen.storyboard */ = {
			isa = PBXVariantGroup;
			children = (
				D77F71CB222DEEF5009E7C18 /* Base */,
			);
			name = LaunchScreen.storyboard;
			sourceTree = "<group>";
		};
/* End PBXVariantGroup section */

/* Begin XCBuildConfiguration section */
		D77F71E4222DEEF5009E7C18 /* Debug */ = {
			isa = XCBuildConfiguration;
			buildSettings = {
				ALWAYS_SEARCH_USER_PATHS = NO;
				CLANG_ANALYZER_NONNULL = YES;
				CLANG_ANALYZER_NUMBER_OBJECT_CONVERSION = YES_AGGRESSIVE;
				CLANG_CXX_LANGUAGE_STANDARD = "gnu++14";
				CLANG_CXX_LIBRARY = "libc++";
				CLANG_ENABLE_MODULES = YES;
				CLANG_ENABLE_OBJC_ARC = YES;
				CLANG_ENABLE_OBJC_WEAK = YES;
				CLANG_WARN_BLOCK_CAPTURE_AUTORELEASING = YES;
				CLANG_WARN_BOOL_CONVERSION = YES;
				CLANG_WARN_COMMA = YES;
				CLANG_WARN_CONSTANT_CONVERSION = YES;
				CLANG_WARN_DEPRECATED_OBJC_IMPLEMENTATIONS = YES;
				CLANG_WARN_DIRECT_OBJC_ISA_USAGE = YES_ERROR;
				CLANG_WARN_DOCUMENTATION_COMMENTS = YES;
				CLANG_WARN_EMPTY_BODY = YES;
				CLANG_WARN_ENUM_CONVERSION = YES;
				CLANG_WARN_INFINITE_RECURSION = YES;
				CLANG_WARN_INT_CONVERSION = YES;
				CLANG_WARN_NON_LITERAL_NULL_CONVERSION = YES;
				CLANG_WARN_OBJC_IMPLICIT_RETAIN_SELF = YES;
				CLANG_WARN_OBJC_LITERAL_CONVERSION = YES;
				CLANG_WARN_OBJC_ROOT_CLASS = YES_ERROR;
				CLANG_WARN_RANGE_LOOP_ANALYSIS = YES;
				CLANG_WARN_STRICT_PROTOTYPES = YES;
				CLANG_WARN_SUSPICIOUS_MOVE = YES;
				CLANG_WARN_UNGUARDED_AVAILABILITY = YES_AGGRESSIVE;
				CLANG_WARN_UNREACHABLE_CODE = YES;
				CLANG_WARN__DUPLICATE_METHOD_MATCH = YES;
				CODE_SIGN_IDENTITY = "iPhone Developer";
				COPY_PHASE_STRIP = NO;
				DEBUG_INFORMATION_FORMAT = dwarf;
				ENABLE_STRICT_OBJC_MSGSEND = YES;
				ENABLE_TESTABILITY = YES;
				GCC_C_LANGUAGE_STANDARD = gnu11;
				GCC_DYNAMIC_NO_PIC = NO;
				GCC_NO_COMMON_BLOCKS = YES;
				GCC_OPTIMIZATION_LEVEL = 0;
				GCC_PREPROCESSOR_DEFINITIONS = (
					"DEBUG=1",
					"$(inherited)",
				);
				GCC_WARN_64_TO_32_BIT_CONVERSION = YES;
				GCC_WARN_ABOUT_RETURN_TYPE = YES_ERROR;
				GCC_WARN_UNDECLARED_SELECTOR = YES;
				GCC_WARN_UNINITIALIZED_AUTOS = YES_AGGRESSIVE;
				GCC_WARN_UNUSED_FUNCTION = YES;
				GCC_WARN_UNUSED_VARIABLE = YES;
				IPHONEOS_DEPLOYMENT_TARGET = 12.1;
				MTL_ENABLE_DEBUG_INFO = INCLUDE_SOURCE;
				MTL_FAST_MATH = YES;
				ONLY_ACTIVE_ARCH = YES;
				SDKROOT = iphoneos;
				SWIFT_ACTIVE_COMPILATION_CONDITIONS = DEBUG;
				SWIFT_OPTIMIZATION_LEVEL = "-Onone";
			};
			name = Debug;
		};
		D77F71E5222DEEF5009E7C18 /* Release */ = {
			isa = XCBuildConfiguration;
			buildSettings = {
				ALWAYS_SEARCH_USER_PATHS = NO;
				CLANG_ANALYZER_NONNULL = YES;
				CLANG_ANALYZER_NUMBER_OBJECT_CONVERSION = YES_AGGRESSIVE;
				CLANG_CXX_LANGUAGE_STANDARD = "gnu++14";
				CLANG_CXX_LIBRARY = "libc++";
				CLANG_ENABLE_MODULES = YES;
				CLANG_ENABLE_OBJC_ARC = YES;
				CLANG_ENABLE_OBJC_WEAK = YES;
				CLANG_WARN_BLOCK_CAPTURE_AUTORELEASING = YES;
				CLANG_WARN_BOOL_CONVERSION = YES;
				CLANG_WARN_COMMA = YES;
				CLANG_WARN_CONSTANT_CONVERSION = YES;
				CLANG_WARN_DEPRECATED_OBJC_IMPLEMENTATIONS = YES;
				CLANG_WARN_DIRECT_OBJC_ISA_USAGE = YES_ERROR;
				CLANG_WARN_DOCUMENTATION_COMMENTS = YES;
				CLANG_WARN_EMPTY_BODY = YES;
				CLANG_WARN_ENUM_CONVERSION = YES;
				CLANG_WARN_INFINITE_RECURSION = YES;
				CLANG_WARN_INT_CONVERSION = YES;
				CLANG_WARN_NON_LITERAL_NULL_CONVERSION = YES;
				CLANG_WARN_OBJC_IMPLICIT_RETAIN_SELF = YES;
				CLANG_WARN_OBJC_LITERAL_CONVERSION = YES;
				CLANG_WARN_OBJC_ROOT_CLASS = YES_ERROR;
				CLANG_WARN_RANGE_LOOP_ANALYSIS = YES;
				CLANG_WARN_STRICT_PROTOTYPES = YES;
				CLANG_WARN_SUSPICIOUS_MOVE = YES;
				CLANG_WARN_UNGUARDED_AVAILABILITY = YES_AGGRESSIVE;
				CLANG_WARN_UNREACHABLE_CODE = YES;
				CLANG_WARN__DUPLICATE_METHOD_MATCH = YES;
				CODE_SIGN_IDENTITY = "iPhone Developer";
				COPY_PHASE_STRIP = NO;
				DEBUG_INFORMATION_FORMAT = "dwarf-with-dsym";
				ENABLE_NS_ASSERTIONS = NO;
				ENABLE_STRICT_OBJC_MSGSEND = YES;
				GCC_C_LANGUAGE_STANDARD = gnu11;
				GCC_NO_COMMON_BLOCKS = YES;
				GCC_WARN_64_TO_32_BIT_CONVERSION = YES;
				GCC_WARN_ABOUT_RETURN_TYPE = YES_ERROR;
				GCC_WARN_UNDECLARED_SELECTOR = YES;
				GCC_WARN_UNINITIALIZED_AUTOS = YES_AGGRESSIVE;
				GCC_WARN_UNUSED_FUNCTION = YES;
				GCC_WARN_UNUSED_VARIABLE = YES;
				IPHONEOS_DEPLOYMENT_TARGET = 12.1;
				MTL_ENABLE_DEBUG_INFO = NO;
				MTL_FAST_MATH = YES;
				SDKROOT = iphoneos;
				SWIFT_COMPILATION_MODE = wholemodule;
				SWIFT_OPTIMIZATION_LEVEL = "-O";
				VALIDATE_PRODUCT = YES;
			};
			name = Release;
		};
		D77F71E7222DEEF5009E7C18 /* Debug */ = {
			isa = XCBuildConfiguration;
			buildSettings = {
				ASSETCATALOG_COMPILER_APPICON_NAME = AppIcon;
				CODE_SIGN_STYLE = Automatic;
				DEVELOPMENT_TEAM = C9C4H6F9ZW;
				INFOPLIST_FILE = Parstagram/Info.plist;
				LD_RUNPATH_SEARCH_PATHS = (
					"$(inherited)",
					"@executable_path/Frameworks",
				);
				PRODUCT_BUNDLE_IDENTIFIER = "Shawheen-Attar.Parstagram";
				PRODUCT_NAME = "$(TARGET_NAME)";
				SWIFT_VERSION = 4.2;
				TARGETED_DEVICE_FAMILY = "1,2";
			};
			name = Debug;
		};
		D77F71E8222DEEF5009E7C18 /* Release */ = {
			isa = XCBuildConfiguration;
			buildSettings = {
				ASSETCATALOG_COMPILER_APPICON_NAME = AppIcon;
				CODE_SIGN_STYLE = Automatic;
				DEVELOPMENT_TEAM = C9C4H6F9ZW;
				INFOPLIST_FILE = Parstagram/Info.plist;
				LD_RUNPATH_SEARCH_PATHS = (
					"$(inherited)",
					"@executable_path/Frameworks",
				);
				PRODUCT_BUNDLE_IDENTIFIER = "Shawheen-Attar.Parstagram";
				PRODUCT_NAME = "$(TARGET_NAME)";
				SWIFT_VERSION = 4.2;
				TARGETED_DEVICE_FAMILY = "1,2";
			};
			name = Release;
		};
		D77F71EA222DEEF5009E7C18 /* Debug */ = {
			isa = XCBuildConfiguration;
			buildSettings = {
				ALWAYS_EMBED_SWIFT_STANDARD_LIBRARIES = YES;
				BUNDLE_LOADER = "$(TEST_HOST)";
				CODE_SIGN_STYLE = Automatic;
				DEVELOPMENT_TEAM = C9C4H6F9ZW;
				INFOPLIST_FILE = ParstagramTests/Info.plist;
				LD_RUNPATH_SEARCH_PATHS = (
					"$(inherited)",
					"@executable_path/Frameworks",
					"@loader_path/Frameworks",
				);
				PRODUCT_BUNDLE_IDENTIFIER = "Shawheen-Attar.ParstagramTests";
				PRODUCT_NAME = "$(TARGET_NAME)";
				SWIFT_VERSION = 4.2;
				TARGETED_DEVICE_FAMILY = "1,2";
				TEST_HOST = "$(BUILT_PRODUCTS_DIR)/Parstagram.app/Parstagram";
			};
			name = Debug;
		};
		D77F71EB222DEEF5009E7C18 /* Release */ = {
			isa = XCBuildConfiguration;
			buildSettings = {
				ALWAYS_EMBED_SWIFT_STANDARD_LIBRARIES = YES;
				BUNDLE_LOADER = "$(TEST_HOST)";
				CODE_SIGN_STYLE = Automatic;
				DEVELOPMENT_TEAM = C9C4H6F9ZW;
				INFOPLIST_FILE = ParstagramTests/Info.plist;
				LD_RUNPATH_SEARCH_PATHS = (
					"$(inherited)",
					"@executable_path/Frameworks",
					"@loader_path/Frameworks",
				);
				PRODUCT_BUNDLE_IDENTIFIER = "Shawheen-Attar.ParstagramTests";
				PRODUCT_NAME = "$(TARGET_NAME)";
				SWIFT_VERSION = 4.2;
				TARGETED_DEVICE_FAMILY = "1,2";
				TEST_HOST = "$(BUILT_PRODUCTS_DIR)/Parstagram.app/Parstagram";
			};
			name = Release;
		};
		D77F71ED222DEEF5009E7C18 /* Debug */ = {
			isa = XCBuildConfiguration;
			buildSettings = {
				ALWAYS_EMBED_SWIFT_STANDARD_LIBRARIES = YES;
				CODE_SIGN_STYLE = Automatic;
				DEVELOPMENT_TEAM = C9C4H6F9ZW;
				INFOPLIST_FILE = ParstagramUITests/Info.plist;
				LD_RUNPATH_SEARCH_PATHS = (
					"$(inherited)",
					"@executable_path/Frameworks",
					"@loader_path/Frameworks",
				);
				PRODUCT_BUNDLE_IDENTIFIER = "Shawheen-Attar.ParstagramUITests";
				PRODUCT_NAME = "$(TARGET_NAME)";
				SWIFT_VERSION = 4.2;
				TARGETED_DEVICE_FAMILY = "1,2";
				TEST_TARGET_NAME = Parstagram;
			};
			name = Debug;
		};
		D77F71EE222DEEF5009E7C18 /* Release */ = {
			isa = XCBuildConfiguration;
			buildSettings = {
				ALWAYS_EMBED_SWIFT_STANDARD_LIBRARIES = YES;
				CODE_SIGN_STYLE = Automatic;
				DEVELOPMENT_TEAM = C9C4H6F9ZW;
				INFOPLIST_FILE = ParstagramUITests/Info.plist;
				LD_RUNPATH_SEARCH_PATHS = (
					"$(inherited)",
					"@executable_path/Frameworks",
					"@loader_path/Frameworks",
				);
				PRODUCT_BUNDLE_IDENTIFIER = "Shawheen-Attar.ParstagramUITests";
				PRODUCT_NAME = "$(TARGET_NAME)";
				SWIFT_VERSION = 4.2;
				TARGETED_DEVICE_FAMILY = "1,2";
				TEST_TARGET_NAME = Parstagram;
			};
			name = Release;
		};
/* End XCBuildConfiguration section */

/* Begin XCConfigurationList section */
		D77F71B9222DEEF4009E7C18 /* Build configuration list for PBXProject "Parstagram" */ = {
			isa = XCConfigurationList;
			buildConfigurations = (
				D77F71E4222DEEF5009E7C18 /* Debug */,
				D77F71E5222DEEF5009E7C18 /* Release */,
			);
			defaultConfigurationIsVisible = 0;
			defaultConfigurationName = Release;
		};
		D77F71E6222DEEF5009E7C18 /* Build configuration list for PBXNativeTarget "Parstagram" */ = {
			isa = XCConfigurationList;
			buildConfigurations = (
				D77F71E7222DEEF5009E7C18 /* Debug */,
				D77F71E8222DEEF5009E7C18 /* Release */,
			);
			defaultConfigurationIsVisible = 0;
			defaultConfigurationName = Release;
		};
		D77F71E9222DEEF5009E7C18 /* Build configuration list for PBXNativeTarget "ParstagramTests" */ = {
			isa = XCConfigurationList;
			buildConfigurations = (
				D77F71EA222DEEF5009E7C18 /* Debug */,
				D77F71EB222DEEF5009E7C18 /* Release */,
			);
			defaultConfigurationIsVisible = 0;
			defaultConfigurationName = Release;
		};
		D77F71EC222DEEF5009E7C18 /* Build configuration list for PBXNativeTarget "ParstagramUITests" */ = {
			isa = XCConfigurationList;
			buildConfigurations = (
				D77F71ED222DEEF5009E7C18 /* Debug */,
				D77F71EE222DEEF5009E7C18 /* Release */,
			);
			defaultConfigurationIsVisible = 0;
			defaultConfigurationName = Release;
		};
/* End XCConfigurationList section */
	};
	rootObject = D77F71B6222DEEF4009E7C18 /* Project object */;
}
